
Microsoft Visual Studio Solution File, Format Version 12.00
# Visual Studio Version 17
VisualStudioVersion = 17.2.32616.157
MinimumVisualStudioVersion = 10.0.40219.1
Project("{FAE04EC0-301F-11D3-BF4B-00C04F79EFBC}") = "MysqlApp", "MysqlApp\MysqlApp.csproj", "{5102F2E2-4142-43EC-AEDA-E20C96A7C787}"
EndProject
Global
	GlobalSection(SolutionConfigurationPlatforms) = preSolution
		Debug|Any CPU = Debug|Any CPU
		Release|Any CPU = Release|Any CPU
	EndGlobalSection
	GlobalSection(ProjectConfigurationPlatforms) = postSolution
		{5102F2E2-4142-43EC-AEDA-E20C96A7C787}.Debug|Any CPU.ActiveCfg = Debug|Any CPU
		{5102F2E2-4142-43EC-AEDA-E20C96A7C787}.Debug|Any CPU.Build.0 = Debug|Any CPU
		{5102F2E2-4142-43EC-AEDA-E20C96A7C787}.Release|Any CPU.ActiveCfg = Release|Any CPU
		{5102F2E2-4142-43EC-AEDA-E20C96A7C787}.Release|Any CPU.Build.0 = Release|Any CPU
	EndGlobalSection
	GlobalSection(SolutionProperties) = preSolution
		HideSolutionNode = FALSE
	EndGlobalSection
	GlobalSection(ExtensibilityGlobals) = postSolution
		SolutionGuid = {B0DC30B9-D541-4BAE-87A7-4218E5A0EC52}
	EndGlobalSection
EndGlobal
